
Microsoft Visual Studio Solution File, Format Version 12.00
# Visual Studio Version 17
VisualStudioVersion = 17.5.33530.505
MinimumVisualStudioVersion = 10.0.40219.1
Project("{9A19103F-16F7-4668-BE54-9A1E7A4F7556}") = "localsound.backend.api", "localsound.backend.api\localsound.backend.api.csproj", "{C4A9A3E2-8FCB-44E6-AD40-55B78D557E51}"
EndProject
Project("{FAE04EC0-301F-11D3-BF4B-00C04F79EFBC}") = "localsound.backend.Domain", "Domain\localsound.backend.Domain.csproj", "{0CE08F21-235B-40DD-B3E4-4CA025B29657}"
EndProject
Project("{FAE04EC0-301F-11D3-BF4B-00C04F79EFBC}") = "localsound.backend.Infrastructure", "Infrastructure\localsound.backend.Infrastructure.csproj", "{44265037-02ED-456F-99A1-4E40245B7B6E}"
EndProject
Project("{FAE04EC0-301F-11D3-BF4B-00C04F79EFBC}") = "localsound.backend.Persistence", "Persistence\localsound.backend.Persistence.csproj", "{EF00748F-C16A-4CF4-859E-B8AE5743503C}"
EndProject
Global
	GlobalSection(SolutionConfigurationPlatforms) = preSolution
		Debug|Any CPU = Debug|Any CPU
		Release|Any CPU = Release|Any CPU
	EndGlobalSection
	GlobalSection(ProjectConfigurationPlatforms) = postSolution
		{C4A9A3E2-8FCB-44E6-AD40-55B78D557E51}.Debug|Any CPU.ActiveCfg = Debug|Any CPU
		{C4A9A3E2-8FCB-44E6-AD40-55B78D557E51}.Debug|Any CPU.Build.0 = Debug|Any CPU
		{C4A9A3E2-8FCB-44E6-AD40-55B78D557E51}.Release|Any CPU.ActiveCfg = Release|Any CPU
		{C4A9A3E2-8FCB-44E6-AD40-55B78D557E51}.Release|Any CPU.Build.0 = Release|Any CPU
		{0CE08F21-235B-40DD-B3E4-4CA025B29657}.Debug|Any CPU.ActiveCfg = Debug|Any CPU
		{0CE08F21-235B-40DD-B3E4-4CA025B29657}.Debug|Any CPU.Build.0 = Debug|Any CPU
		{0CE08F21-235B-40DD-B3E4-4CA025B29657}.Release|Any CPU.ActiveCfg = Release|Any CPU
		{0CE08F21-235B-40DD-B3E4-4CA025B29657}.Release|Any CPU.Build.0 = Release|Any CPU
		{44265037-02ED-456F-99A1-4E40245B7B6E}.Debug|Any CPU.ActiveCfg = Debug|Any CPU
		{44265037-02ED-456F-99A1-4E40245B7B6E}.Debug|Any CPU.Build.0 = Debug|Any CPU
		{44265037-02ED-456F-99A1-4E40245B7B6E}.Release|Any CPU.ActiveCfg = Release|Any CPU
		{44265037-02ED-456F-99A1-4E40245B7B6E}.Release|Any CPU.Build.0 = Release|Any CPU
		{EF00748F-C16A-4CF4-859E-B8AE5743503C}.Debug|Any CPU.ActiveCfg = Debug|Any CPU
		{EF00748F-C16A-4CF4-859E-B8AE5743503C}.Debug|Any CPU.Build.0 = Debug|Any CPU
		{EF00748F-C16A-4CF4-859E-B8AE5743503C}.Release|Any CPU.ActiveCfg = Release|Any CPU
		{EF00748F-C16A-4CF4-859E-B8AE5743503C}.Release|Any CPU.Build.0 = Release|Any CPU
	EndGlobalSection
	GlobalSection(SolutionProperties) = preSolution
		HideSolutionNode = FALSE
	EndGlobalSection
	GlobalSection(ExtensibilityGlobals) = postSolution
		SolutionGuid = {FF964F3B-DD70-4802-A15A-76FE5AA5DA7A}
	EndGlobalSection
EndGlobal
